// !$*UTF8*$!
{
	archiveVersion = 1;
	classes = {
	};
	objectVersion = 77;
	objects = {

/* Begin PBXBuildFile section */
		87372DC32DE7AF1200C29453 /* libgeneral.0.dylib in Frameworks */ = {isa = PBXBuildFile; fileRef = 87372DC22DE7AF1200C29453 /* libgeneral.0.dylib */; };
		87372DC42DE7AF1200C29453 /* libgeneral.0.dylib in Embed Libraries */ = {isa = PBXBuildFile; fileRef = 87372DC22DE7AF1200C29453 /* libgeneral.0.dylib */; settings = {ATTRIBUTES = (CodeSignOnCopy, ); }; };
		87372DC72DE7AF1B00C29453 /* libpatchfinder.0.dylib in Frameworks */ = {isa = PBXBuildFile; fileRef = 87372DC62DE7AF1B00C29453 /* libpatchfinder.0.dylib */; };
		87372DC82DE7AF1B00C29453 /* libpatchfinder.0.dylib in Embed Libraries */ = {isa = PBXBuildFile; fileRef = 87372DC62DE7AF1B00C29453 /* libpatchfinder.0.dylib */; settings = {ATTRIBUTES = (CodeSignOnCopy, ); }; };
		87372DCA2DE7AF2400C29453 /* libinsn.0.dylib in Frameworks */ = {isa = PBXBuildFile; fileRef = 87372DC92DE7AF2400C29453 /* libinsn.0.dylib */; };
		87372DCB2DE7AF2400C29453 /* libinsn.0.dylib in Embed Libraries */ = {isa = PBXBuildFile; fileRef = 87372DC92DE7AF2400C29453 /* libinsn.0.dylib */; settings = {ATTRIBUTES = (CodeSignOnCopy, ); }; };
		87372DD62DE7B1C000C29453 /* DTBOffsets.cpp in Sources */ = {isa = PBXBuildFile; fileRef = 87372DD32DE7B1C000C29453 /* DTBOffsets.cpp */; };
		87372DD72DE7B1C000C29453 /* main.cpp in Sources */ = {isa = PBXBuildFile; fileRef = 87372DD42DE7B1C000C29453 /* main.cpp */; };
		87BAD32F2DE8B0D6005B8B63 /* GenShellcode.cpp in Sources */ = {isa = PBXBuildFile; fileRef = 87BAD32E2DE8B0D6005B8B63 /* GenShellcode.cpp */; };
/* End PBXBuildFile section */

/* Begin PBXCopyFilesBuildPhase section */
		87372DB52DE7AEEB00C29453 /* CopyFiles */ = {
			isa = PBXCopyFilesBuildPhase;
			buildActionMask = 2147483647;
			dstPath = /usr/share/man/man1/;
			dstSubfolderSpec = 0;
			files = (
			);
			runOnlyForDeploymentPostprocessing = 1;
		};
		87372DC52DE7AF1200C29453 /* Embed Libraries */ = {
			isa = PBXCopyFilesBuildPhase;
			buildActionMask = 2147483647;
			dstPath = "";
			dstSubfolderSpec = 10;
			files = (
				87372DC42DE7AF1200C29453 /* libgeneral.0.dylib in Embed Libraries */,
				87372DCB2DE7AF2400C29453 /* libinsn.0.dylib in Embed Libraries */,
				87372DC82DE7AF1B00C29453 /* libpatchfinder.0.dylib in Embed Libraries */,
			);
			name = "Embed Libraries";
			runOnlyForDeploymentPostprocessing = 0;
		};
/* End PBXCopyFilesBuildPhase section */

/* Begin PBXFileReference section */
		87372DB72DE7AEEB00C29453 /* DTBOffsets */ = {isa = PBXFileReference; explicitFileType = "compiled.mach-o.executable"; includeInIndex = 0; path = DTBOffsets; sourceTree = BUILT_PRODUCTS_DIR; };
		87372DC22DE7AF1200C29453 /* libgeneral.0.dylib */ = {isa = PBXFileReference; lastKnownFileType = "compiled.mach-o.dylib"; name = libgeneral.0.dylib; path = ../../../../usr/local/lib/libgeneral.0.dylib; sourceTree = "<group>"; };
		87372DC62DE7AF1B00C29453 /* libpatchfinder.0.dylib */ = {isa = PBXFileReference; lastKnownFileType = "compiled.mach-o.dylib"; name = libpatchfinder.0.dylib; path = ../../../../usr/local/lib/libpatchfinder.0.dylib; sourceTree = "<group>"; };
		87372DC92DE7AF2400C29453 /* libinsn.0.dylib */ = {isa = PBXFileReference; lastKnownFileType = "compiled.mach-o.dylib"; name = libinsn.0.dylib; path = ../../../../usr/local/lib/libinsn.0.dylib; sourceTree = "<group>"; };
		87372DD22DE7B1C000C29453 /* DTBOffsets.hpp */ = {isa = PBXFileReference; lastKnownFileType = sourcecode.cpp.h; path = DTBOffsets.hpp; sourceTree = "<group>"; };
		87372DD32DE7B1C000C29453 /* DTBOffsets.cpp */ = {isa = PBXFileReference; lastKnownFileType = sourcecode.cpp.cpp; path = DTBOffsets.cpp; sourceTree = "<group>"; };
		87372DD42DE7B1C000C29453 /* main.cpp */ = {isa = PBXFileReference; lastKnownFileType = sourcecode.cpp.cpp; path = main.cpp; sourceTree = "<group>"; };
		87BAD32D2DE8B0D6005B8B63 /* GenShellcode.hpp */ = {isa = PBXFileReference; lastKnownFileType = sourcecode.cpp.h; path = GenShellcode.hpp; sourceTree = "<group>"; };
		87BAD32E2DE8B0D6005B8B63 /* GenShellcode.cpp */ = {isa = PBXFileReference; lastKnownFileType = sourcecode.cpp.cpp; path = GenShellcode.cpp; sourceTree = "<group>"; };
/* End PBXFileReference section */

/* Begin PBXFrameworksBuildPhase section */
		87372DB42DE7AEEB00C29453 /* Frameworks */ = {
			isa = PBXFrameworksBuildPhase;
			buildActionMask = 2147483647;
			files = (
				87372DC32DE7AF1200C29453 /* libgeneral.0.dylib in Frameworks */,
				87372DCA2DE7AF2400C29453 /* libinsn.0.dylib in Frameworks */,
				87372DC72DE7AF1B00C29453 /* libpatchfinder.0.dylib in Frameworks */,
			);
			runOnlyForDeploymentPostprocessing = 0;
		};
/* End PBXFrameworksBuildPhase section */

/* Begin PBXGroup section */
		87372DAE2DE7AEEB00C29453 = {
			isa = PBXGroup;
			children = (
				87372DD52DE7B1C000C29453 /* DTBOffsets */,
				87372DC12DE7AF1200C29453 /* Frameworks */,
				87372DB82DE7AEEB00C29453 /* Products */,
			);
			sourceTree = "<group>";
		};
		87372DB82DE7AEEB00C29453 /* Products */ = {
			isa = PBXGroup;
			children = (
				87372DB72DE7AEEB00C29453 /* DTBOffsets */,
			);
			name = Products;
			sourceTree = "<group>";
		};
		87372DC12DE7AF1200C29453 /* Frameworks */ = {
			isa = PBXGroup;
			children = (
				87372DC92DE7AF2400C29453 /* libinsn.0.dylib */,
				87372DC62DE7AF1B00C29453 /* libpatchfinder.0.dylib */,
				87372DC22DE7AF1200C29453 /* libgeneral.0.dylib */,
			);
			name = Frameworks;
			sourceTree = "<group>";
		};
		87372DD52DE7B1C000C29453 /* DTBOffsets */ = {
			isa = PBXGroup;
			children = (
				87372DD22DE7B1C000C29453 /* DTBOffsets.hpp */,
				87372DD32DE7B1C000C29453 /* DTBOffsets.cpp */,
				87BAD32D2DE8B0D6005B8B63 /* GenShellcode.hpp */,
				87BAD32E2DE8B0D6005B8B63 /* GenShellcode.cpp */,
				87372DD42DE7B1C000C29453 /* main.cpp */,
			);
			path = DTBOffsets;
			sourceTree = "<group>";
		};
/* End PBXGroup section */

/* Begin PBXNativeTarget section */
		87372DB62DE7AEEB00C29453 /* DTBOffsets */ = {
			isa = PBXNativeTarget;
			buildConfigurationList = 87372DBE2DE7AEEB00C29453 /* Build configuration list for PBXNativeTarget "DTBOffsets" */;
			buildPhases = (
				87372DB32DE7AEEB00C29453 /* Sources */,
				87372DB42DE7AEEB00C29453 /* Frameworks */,
				87372DB52DE7AEEB00C29453 /* CopyFiles */,
				87372DC52DE7AF1200C29453 /* Embed Libraries */,
			);
			buildRules = (
			);
			dependencies = (
			);
			name = DTBOffsets;
			packageProductDependencies = (
			);
			productName = DTBOffsets;
			productReference = 87372DB72DE7AEEB00C29453 /* DTBOffsets */;
			productType = "com.apple.product-type.tool";
		};
/* End PBXNativeTarget section */

/* Begin PBXProject section */
		87372DAF2DE7AEEB00C29453 /* Project object */ = {
			isa = PBXProject;
			attributes = {
				BuildIndependentTargetsInParallel = 1;
				LastUpgradeCheck = 1630;
				TargetAttributes = {
					87372DB62DE7AEEB00C29453 = {
						CreatedOnToolsVersion = 16.3;
					};
				};
			};
			buildConfigurationList = 87372DB22DE7AEEB00C29453 /* Build configuration list for PBXProject "DTBOffsets" */;
			developmentRegion = en;
			hasScannedForEncodings = 0;
			knownRegions = (
				en,
				Base,
			);
			mainGroup = 87372DAE2DE7AEEB00C29453;
			minimizedProjectReferenceProxies = 1;
			preferredProjectObjectVersion = 77;
			productRefGroup = 87372DB82DE7AEEB00C29453 /* Products */;
			projectDirPath = "";
			projectRoot = "";
			targets = (
				87372DB62DE7AEEB00C29453 /* DTBOffsets */,
			);
		};
/* End PBXProject section */

/* Begin PBXSourcesBuildPhase section */
		87372DB32DE7AEEB00C29453 /* Sources */ = {
			isa = PBXSourcesBuildPhase;
			buildActionMask = 2147483647;
			files = (
				87372DD62DE7B1C000C29453 /* DTBOffsets.cpp in Sources */,
				87372DD72DE7B1C000C29453 /* main.cpp in Sources */,
				87BAD32F2DE8B0D6005B8B63 /* GenShellcode.cpp in Sources */,
			);
			runOnlyForDeploymentPostprocessing = 0;
		};
/* End PBXSourcesBuildPhase section */

/* Begin XCBuildConfiguration section */
		87372DBC2DE7AEEB00C29453 /* Debug */ = {
			isa = XCBuildConfiguration;
			buildSettings = {
				ALWAYS_SEARCH_USER_PATHS = NO;
				ASSETCATALOG_COMPILER_GENERATE_SWIFT_ASSET_SYMBOL_EXTENSIONS = YES;
				CLANG_ANALYZER_NONNULL = YES;
				CLANG_ANALYZER_NUMBER_OBJECT_CONVERSION = YES_AGGRESSIVE;
				CLANG_CXX_LANGUAGE_STANDARD = "gnu++20";
				CLANG_ENABLE_MODULES = YES;
				CLANG_ENABLE_OBJC_ARC = YES;
				CLANG_ENABLE_OBJC_WEAK = YES;
				CLANG_WARN_BLOCK_CAPTURE_AUTORELEASING = YES;
				CLANG_WARN_BOOL_CONVERSION = YES;
				CLANG_WARN_COMMA = YES;
				CLANG_WARN_CONSTANT_CONVERSION = YES;
				CLANG_WARN_DEPRECATED_OBJC_IMPLEMENTATIONS = YES;
				CLANG_WARN_DIRECT_OBJC_ISA_USAGE = YES_ERROR;
				CLANG_WARN_DOCUMENTATION_COMMENTS = YES;
				CLANG_WARN_EMPTY_BODY = YES;
				CLANG_WARN_ENUM_CONVERSION = YES;
				CLANG_WARN_INFINITE_RECURSION = YES;
				CLANG_WARN_INT_CONVERSION = YES;
				CLANG_WARN_NON_LITERAL_NULL_CONVERSION = YES;
				CLANG_WARN_OBJC_IMPLICIT_RETAIN_SELF = YES;
				CLANG_WARN_OBJC_LITERAL_CONVERSION = YES;
				CLANG_WARN_OBJC_ROOT_CLASS = YES_ERROR;
				CLANG_WARN_QUOTED_INCLUDE_IN_FRAMEWORK_HEADER = YES;
				CLANG_WARN_RANGE_LOOP_ANALYSIS = YES;
				CLANG_WARN_STRICT_PROTOTYPES = YES;
				CLANG_WARN_SUSPICIOUS_MOVE = YES;
				CLANG_WARN_UNGUARDED_AVAILABILITY = YES_AGGRESSIVE;
				CLANG_WARN_UNREACHABLE_CODE = YES;
				CLANG_WARN__DUPLICATE_METHOD_MATCH = YES;
				COPY_PHASE_STRIP = NO;
				DEBUG_INFORMATION_FORMAT = dwarf;
				ENABLE_STRICT_OBJC_MSGSEND = YES;
				ENABLE_TESTABILITY = YES;
				ENABLE_USER_SCRIPT_SANDBOXING = YES;
				GCC_C_LANGUAGE_STANDARD = gnu17;
				GCC_DYNAMIC_NO_PIC = NO;
				GCC_NO_COMMON_BLOCKS = YES;
				GCC_OPTIMIZATION_LEVEL = 0;
				GCC_PREPROCESSOR_DEFINITIONS = (
					"DEBUG=1",
					"$(inherited)",
				);
				GCC_WARN_64_TO_32_BIT_CONVERSION = YES;
				GCC_WARN_ABOUT_RETURN_TYPE = YES_ERROR;
				GCC_WARN_UNDECLARED_SELECTOR = YES;
				GCC_WARN_UNINITIALIZED_AUTOS = YES_AGGRESSIVE;
				GCC_WARN_UNUSED_FUNCTION = YES;
				GCC_WARN_UNUSED_VARIABLE = YES;
				LOCALIZATION_PREFERS_STRING_CATALOGS = YES;
				MACOSX_DEPLOYMENT_TARGET = 15.4;
				MTL_ENABLE_DEBUG_INFO = INCLUDE_SOURCE;
				MTL_FAST_MATH = YES;
				ONLY_ACTIVE_ARCH = YES;
				SDKROOT = macosx;
			};
			name = Debug;
		};
		87372DBD2DE7AEEB00C29453 /* Release */ = {
			isa = XCBuildConfiguration;
			buildSettings = {
				ALWAYS_SEARCH_USER_PATHS = NO;
				ASSETCATALOG_COMPILER_GENERATE_SWIFT_ASSET_SYMBOL_EXTENSIONS = YES;
				CLANG_ANALYZER_NONNULL = YES;
				CLANG_ANALYZER_NUMBER_OBJECT_CONVERSION = YES_AGGRESSIVE;
				CLANG_CXX_LANGUAGE_STANDARD = "gnu++20";
				CLANG_ENABLE_MODULES = YES;
				CLANG_ENABLE_OBJC_ARC = YES;
				CLANG_ENABLE_OBJC_WEAK = YES;
				CLANG_WARN_BLOCK_CAPTURE_AUTORELEASING = YES;
				CLANG_WARN_BOOL_CONVERSION = YES;
				CLANG_WARN_COMMA = YES;
				CLANG_WARN_CONSTANT_CONVERSION = YES;
				CLANG_WARN_DEPRECATED_OBJC_IMPLEMENTATIONS = YES;
				CLANG_WARN_DIRECT_OBJC_ISA_USAGE = YES_ERROR;
				CLANG_WARN_DOCUMENTATION_COMMENTS = YES;
				CLANG_WARN_EMPTY_BODY = YES;
				CLANG_WARN_ENUM_CONVERSION = YES;
				CLANG_WARN_INFINITE_RECURSION = YES;
				CLANG_WARN_INT_CONVERSION = YES;
				CLANG_WARN_NON_LITERAL_NULL_CONVERSION = YES;
				CLANG_WARN_OBJC_IMPLICIT_RETAIN_SELF = YES;
				CLANG_WARN_OBJC_LITERAL_CONVERSION = YES;
				CLANG_WARN_OBJC_ROOT_CLASS = YES_ERROR;
				CLANG_WARN_QUOTED_INCLUDE_IN_FRAMEWORK_HEADER = YES;
				CLANG_WARN_RANGE_LOOP_ANALYSIS = YES;
				CLANG_WARN_STRICT_PROTOTYPES = YES;
				CLANG_WARN_SUSPICIOUS_MOVE = YES;
				CLANG_WARN_UNGUARDED_AVAILABILITY = YES_AGGRESSIVE;
				CLANG_WARN_UNREACHABLE_CODE = YES;
				CLANG_WARN__DUPLICATE_METHOD_MATCH = YES;
				COPY_PHASE_STRIP = NO;
				DEBUG_INFORMATION_FORMAT = "dwarf-with-dsym";
				ENABLE_NS_ASSERTIONS = NO;
				ENABLE_STRICT_OBJC_MSGSEND = YES;
				ENABLE_USER_SCRIPT_SANDBOXING = YES;
				GCC_C_LANGUAGE_STANDARD = gnu17;
				GCC_NO_COMMON_BLOCKS = YES;
				GCC_WARN_64_TO_32_BIT_CONVERSION = YES;
				GCC_WARN_ABOUT_RETURN_TYPE = YES_ERROR;
				GCC_WARN_UNDECLARED_SELECTOR = YES;
				GCC_WARN_UNINITIALIZED_AUTOS = YES_AGGRESSIVE;
				GCC_WARN_UNUSED_FUNCTION = YES;
				GCC_WARN_UNUSED_VARIABLE = YES;
				LOCALIZATION_PREFERS_STRING_CATALOGS = YES;
				MACOSX_DEPLOYMENT_TARGET = 15.4;
				MTL_ENABLE_DEBUG_INFO = NO;
				MTL_FAST_MATH = YES;
				SDKROOT = macosx;
			};
			name = Release;
		};
		87372DBF2DE7AEEB00C29453 /* Debug */ = {
			isa = XCBuildConfiguration;
			buildSettings = {
				CODE_SIGN_STYLE = Automatic;
				GCC_PREPROCESSOR_DEFINITIONS = (
					"DEBUG=1",
					"$(inherited)",
					XCODE,
				);
				HEADER_SEARCH_PATHS = /usr/local/include;
				LIBRARY_SEARCH_PATHS = /usr/local/lib;
				PRODUCT_NAME = "$(TARGET_NAME)";
			};
			name = Debug;
		};
		87372DC02DE7AEEB00C29453 /* Release */ = {
			isa = XCBuildConfiguration;
			buildSettings = {
				CODE_SIGN_STYLE = Automatic;
				HEADER_SEARCH_PATHS = /usr/local/include;
				LIBRARY_SEARCH_PATHS = /usr/local/lib;
				PRODUCT_NAME = "$(TARGET_NAME)";
			};
			name = Release;
		};
/* End XCBuildConfiguration section */

/* Begin XCConfigurationList section */
		87372DB22DE7AEEB00C29453 /* Build configuration list for PBXProject "DTBOffsets" */ = {
			isa = XCConfigurationList;
			buildConfigurations = (
				87372DBC2DE7AEEB00C29453 /* Debug */,
				87372DBD2DE7AEEB00C29453 /* Release */,
			);
			defaultConfigurationIsVisible = 0;
			defaultConfigurationName = Release;
		};
		87372DBE2DE7AEEB00C29453 /* Build configuration list for PBXNativeTarget "DTBOffsets" */ = {
			isa = XCConfigurationList;
			buildConfigurations = (
				87372DBF2DE7AEEB00C29453 /* Debug */,
				87372DC02DE7AEEB00C29453 /* Release */,
			);
			defaultConfigurationIsVisible = 0;
			defaultConfigurationName = Release;
		};
/* End XCConfigurationList section */
	};
	rootObject = 87372DAF2DE7AEEB00C29453 /* Project object */;
}
